# THIS IS AN AUTOGENERATED FILE. DO NOT EDIT THIS FILE DIRECTLY.
# yarn lockfile v1


simple-telegram-bot-api@^0.0.7:
  version "0.0.7"
  resolved "https://registry.yarnpkg.com/simple-telegram-bot-api/-/simple-telegram-bot-api-0.0.7.tgz#2d489cfc05705ce5a5ec6a7c596b86aab3236fea"
  integrity sha512-1G+X8fduviNkHPYHhjjSPuws3d2w62kxPLzpcrJg78lfOV/ZhuNG2liYloxP1arxo/rqucNLHbGT5DES2S1pew==
